{
  "name": "cs17",
  "version": "0.1.0",
  "lockfileVersion": 2,
  "requires": true,
  "packages": {
    "": {
      "name": "cs17",
      "version": "0.1.0",
      "license": "MIT",
      "dependencies": {
        "bs-readline": "^1.0.4",
        "bsb": "^0.0.1",
        "file-system": "^2.2.2",
        "promise-fs": "^2.1.1"
      },
      "devDependencies": {
        "bs-platform": "^9.0.2"
      }
    },
    "node_modules/@octetstream/promisify": {
      "version": "2.0.2",
      "resolved": "https://registry.npmjs.org/@octetstream/promisify/-/promisify-2.0.2.tgz",
      "integrity": "sha512-7XHoRB61hxsz8lBQrjC1tq/3OEIgpvGWg6DKAdwi7WRzruwkmsdwmOoUXbU4Dtd4RSOMDwed0SkP3y8UlMt1Bg==",
      "engines": {
        "node": "6.x || >=8.x"
      }
    },
    "node_modules/bs-platform": {
      "version": "9.0.2",
      "resolved": "https://registry.npmjs.org/bs-platform/-/bs-platform-9.0.2.tgz",
      "integrity": "sha512-Ye9JqJ4Oa7mcjjoOVRYI8Uc2Cf8N7jQLWDcdUplY7996d/YErSR7WitmV7XnSwr4EvdrbwjEsg1NxNjUQv3ChA==",
      "dev": true,
      "hasInstallScript": true,
      "bin": {
        "bsb": "bsb",
        "bsc": "bsc",
        "bsrefmt": "bsrefmt",
        "bstracing": "lib/bstracing"
      }
    },
    "node_modules/bs-readline": {
      "version": "1.0.4",
      "resolved": "https://registry.npmjs.org/bs-readline/-/bs-readline-1.0.4.tgz",
      "integrity": "sha512-Y3GBA9UZ2Qb0vvQDisIWJjYjkDPzmdwifQ0Hw5NO8uPc/qxgcVx8zbmeAWWC9qN11dBkVRRrMpQbSymNUsqD0Q=="
    },
    "node_modules/bsb": {
      "version": "0.0.1",
      "resolved": "https://registry.npmjs.org/bsb/-/bsb-0.0.1.tgz",
      "integrity": "sha512-4hNelV/LquIcrCjsHnD1jocmz14++UnmUgFh/56iySwvaIQxBT/1Orh8FGlXfx0hSEHeWXkCRJiajRmAEVm2IA=="
    },
    "node_modules/file-match": {
      "version": "1.0.2",
      "resolved": "https://registry.npmjs.org/file-match/-/file-match-1.0.2.tgz",
      "integrity": "sha1-ycrSZdLIrfOoFHWw30dYWQafrvc=",
      "dependencies": {
        "utils-extend": "^1.0.6"
      }
    },
    "node_modules/file-system": {
      "version": "2.2.2",
      "resolved": "https://registry.npmjs.org/file-system/-/file-system-2.2.2.tgz",
      "integrity": "sha1-fWWDPjojR9zZVqgTxncVPtPt2Yc=",
      "dependencies": {
        "file-match": "^1.0.1",
        "utils-extend": "^1.0.4"
      }
    },
    "node_modules/promise-fs": {
      "version": "2.1.1",
      "resolved": "https://registry.npmjs.org/promise-fs/-/promise-fs-2.1.1.tgz",
      "integrity": "sha512-43p7e4QzAQ3w6eyN0+gbBL7jXiZFWLWYITg9wIObqkBySu/a5K1EDcQ/S6UyB/bmiZWDA4NjTbcopKLTaKcGSw==",
      "dependencies": {
        "@octetstream/promisify": "2.0.2"
      },
      "engines": {
        "node": ">=6"
      }
    },
    "node_modules/utils-extend": {
      "version": "1.0.8",
      "resolved": "https://registry.npmjs.org/utils-extend/-/utils-extend-1.0.8.tgz",
      "integrity": "sha1-zP17ZFQPjpDuIe7Fd2nQZRyril8="
    }
  },
  "dependencies": {
    "@octetstream/promisify": {
      "version": "2.0.2",
      "resolved": "https://registry.npmjs.org/@octetstream/promisify/-/promisify-2.0.2.tgz",
      "integrity": "sha512-7XHoRB61hxsz8lBQrjC1tq/3OEIgpvGWg6DKAdwi7WRzruwkmsdwmOoUXbU4Dtd4RSOMDwed0SkP3y8UlMt1Bg=="
    },
    "bs-platform": {
      "version": "9.0.2",
      "resolved": "https://registry.npmjs.org/bs-platform/-/bs-platform-9.0.2.tgz",
      "integrity": "sha512-Ye9JqJ4Oa7mcjjoOVRYI8Uc2Cf8N7jQLWDcdUplY7996d/YErSR7WitmV7XnSwr4EvdrbwjEsg1NxNjUQv3ChA==",
      "dev": true
    },
    "bs-readline": {
      "version": "1.0.4",
      "resolved": "https://registry.npmjs.org/bs-readline/-/bs-readline-1.0.4.tgz",
      "integrity": "sha512-Y3GBA9UZ2Qb0vvQDisIWJjYjkDPzmdwifQ0Hw5NO8uPc/qxgcVx8zbmeAWWC9qN11dBkVRRrMpQbSymNUsqD0Q=="
    },
    "bsb": {
      "version": "0.0.1",
      "resolved": "https://registry.npmjs.org/bsb/-/bsb-0.0.1.tgz",
      "integrity": "sha512-4hNelV/LquIcrCjsHnD1jocmz14++UnmUgFh/56iySwvaIQxBT/1Orh8FGlXfx0hSEHeWXkCRJiajRmAEVm2IA=="
    },
    "file-match": {
      "version": "1.0.2",
      "resolved": "https://registry.npmjs.org/file-match/-/file-match-1.0.2.tgz",
      "integrity": "sha1-ycrSZdLIrfOoFHWw30dYWQafrvc=",
      "requires": {
        "utils-extend": "^1.0.6"
      }
    },
    "file-system": {
      "version": "2.2.2",
      "resolved": "https://registry.npmjs.org/file-system/-/file-system-2.2.2.tgz",
      "integrity": "sha1-fWWDPjojR9zZVqgTxncVPtPt2Yc=",
      "requires": {
        "file-match": "^1.0.1",
        "utils-extend": "^1.0.4"
      }
    },
    "promise-fs": {
      "version": "2.1.1",
      "resolved": "https://registry.npmjs.org/promise-fs/-/promise-fs-2.1.1.tgz",
      "integrity": "sha512-43p7e4QzAQ3w6eyN0+gbBL7jXiZFWLWYITg9wIObqkBySu/a5K1EDcQ/S6UyB/bmiZWDA4NjTbcopKLTaKcGSw==",
      "requires": {
        "@octetstream/promisify": "2.0.2"
      }
    },
    "utils-extend": {
      "version": "1.0.8",
      "resolved": "https://registry.npmjs.org/utils-extend/-/utils-extend-1.0.8.tgz",
      "integrity": "sha1-zP17ZFQPjpDuIe7Fd2nQZRyril8="
    }
  }
}
